// !$*UTF8*$!
{
	archiveVersion = 1;
	classes = {
	};
	objectVersion = 50;
	objects = {

/* Begin PBXBuildFile section */
		7D2AFF7624FC9C3A00268FC3 /* AppDelegate.swift in Sources */ = {isa = PBXBuildFile; fileRef = 7D2AFF7524FC9C3A00268FC3 /* AppDelegate.swift */; };
		7D2AFF7824FC9C3A00268FC3 /* SceneDelegate.swift in Sources */ = {isa = PBXBuildFile; fileRef = 7D2AFF7724FC9C3A00268FC3 /* SceneDelegate.swift */; };
		7D2AFF7A24FC9C3A00268FC3 /* ViewController.swift in Sources */ = {isa = PBXBuildFile; fileRef = 7D2AFF7924FC9C3A00268FC3 /* ViewController.swift */; };
		7D2AFF7D24FC9C3A00268FC3 /* Main.storyboard in Resources */ = {isa = PBXBuildFile; fileRef = 7D2AFF7B24FC9C3A00268FC3 /* Main.storyboard */; };
		7D2AFF7F24FC9C3D00268FC3 /* Assets.xcassets in Resources */ = {isa = PBXBuildFile; fileRef = 7D2AFF7E24FC9C3D00268FC3 /* Assets.xcassets */; };
		7D2AFF8224FC9C3D00268FC3 /* LaunchScreen.storyboard in Resources */ = {isa = PBXBuildFile; fileRef = 7D2AFF8024FC9C3D00268FC3 /* LaunchScreen.storyboard */; };
		7D2AFF8D24FC9C3D00268FC3 /* DemoAnimationTests.swift in Sources */ = {isa = PBXBuildFile; fileRef = 7D2AFF8C24FC9C3D00268FC3 /* DemoAnimationTests.swift */; };
		7D2AFFA124FCE13400268FC3 /* CardViewController.swift in Sources */ = {isa = PBXBuildFile; fileRef = 7D2AFFA024FCE13300268FC3 /* CardViewController.swift */; };
		7D2AFFA324FCE17800268FC3 /* CardViewController.xib in Resources */ = {isa = PBXBuildFile; fileRef = 7D2AFFA224FCE17800268FC3 /* CardViewController.xib */; };
		7D41E7AD24FE291E00A420DC /* CellContent.xib in Resources */ = {isa = PBXBuildFile; fileRef = 7D41E7AC24FE291E00A420DC /* CellContent.xib */; };
		7D41E7AF24FE29C500A420DC /* CellContent.swift in Sources */ = {isa = PBXBuildFile; fileRef = 7D41E7AE24FE29C500A420DC /* CellContent.swift */; };
/* End PBXBuildFile section */

/* Begin PBXContainerItemProxy section */
		7D2AFF8924FC9C3D00268FC3 /* PBXContainerItemProxy */ = {
			isa = PBXContainerItemProxy;
			containerPortal = 7D2AFF6A24FC9C3A00268FC3 /* Project object */;
			proxyType = 1;
			remoteGlobalIDString = 7D2AFF7124FC9C3A00268FC3;
			remoteInfo = DemoAnimation;
		};
/* End PBXContainerItemProxy section */

/* Begin PBXFileReference section */
		7D2AFF7224FC9C3A00268FC3 /* DemoAnimation.app */ = {isa = PBXFileReference; explicitFileType = wrapper.application; includeInIndex = 0; path = DemoAnimation.app; sourceTree = BUILT_PRODUCTS_DIR; };
		7D2AFF7524FC9C3A00268FC3 /* AppDelegate.swift */ = {isa = PBXFileReference; lastKnownFileType = sourcecode.swift; path = AppDelegate.swift; sourceTree = "<group>"; };
		7D2AFF7724FC9C3A00268FC3 /* SceneDelegate.swift */ = {isa = PBXFileReference; lastKnownFileType = sourcecode.swift; path = SceneDelegate.swift; sourceTree = "<group>"; };
		7D2AFF7924FC9C3A00268FC3 /* ViewController.swift */ = {isa = PBXFileReference; lastKnownFileType = sourcecode.swift; path = ViewController.swift; sourceTree = "<group>"; };
		7D2AFF7C24FC9C3A00268FC3 /* Base */ = {isa = PBXFileReference; lastKnownFileType = file.storyboard; name = Base; path = Base.lproj/Main.storyboard; sourceTree = "<group>"; };
		7D2AFF7E24FC9C3D00268FC3 /* Assets.xcassets */ = {isa = PBXFileReference; lastKnownFileType = folder.assetcatalog; path = Assets.xcassets; sourceTree = "<group>"; };
		7D2AFF8124FC9C3D00268FC3 /* Base */ = {isa = PBXFileReference; lastKnownFileType = file.storyboard; name = Base; path = Base.lproj/LaunchScreen.storyboard; sourceTree = "<group>"; };
		7D2AFF8324FC9C3D00268FC3 /* Info.plist */ = {isa = PBXFileReference; lastKnownFileType = text.plist.xml; path = Info.plist; sourceTree = "<group>"; };
		7D2AFF8824FC9C3D00268FC3 /* DemoAnimationTests.xctest */ = {isa = PBXFileReference; explicitFileType = wrapper.cfbundle; includeInIndex = 0; path = DemoAnimationTests.xctest; sourceTree = BUILT_PRODUCTS_DIR; };
		7D2AFF8C24FC9C3D00268FC3 /* DemoAnimationTests.swift */ = {isa = PBXFileReference; lastKnownFileType = sourcecode.swift; path = DemoAnimationTests.swift; sourceTree = "<group>"; };
		7D2AFF8E24FC9C3D00268FC3 /* Info.plist */ = {isa = PBXFileReference; lastKnownFileType = text.plist.xml; path = Info.plist; sourceTree = "<group>"; };
		7D2AFFA024FCE13300268FC3 /* CardViewController.swift */ = {isa = PBXFileReference; lastKnownFileType = sourcecode.swift; path = CardViewController.swift; sourceTree = "<group>"; };
		7D2AFFA224FCE17800268FC3 /* CardViewController.xib */ = {isa = PBXFileReference; lastKnownFileType = file.xib; path = CardViewController.xib; sourceTree = "<group>"; };
		7D41E7AC24FE291E00A420DC /* CellContent.xib */ = {isa = PBXFileReference; lastKnownFileType = file.xib; path = CellContent.xib; sourceTree = "<group>"; };
		7D41E7AE24FE29C500A420DC /* CellContent.swift */ = {isa = PBXFileReference; lastKnownFileType = sourcecode.swift; path = CellContent.swift; sourceTree = "<group>"; };
/* End PBXFileReference section */

/* Begin PBXFrameworksBuildPhase section */
		7D2AFF6F24FC9C3A00268FC3 /* Frameworks */ = {
			isa = PBXFrameworksBuildPhase;
			buildActionMask = 2147483647;
			files = (
			);
			runOnlyForDeploymentPostprocessing = 0;
		};
		7D2AFF8524FC9C3D00268FC3 /* Frameworks */ = {
			isa = PBXFrameworksBuildPhase;
			buildActionMask = 2147483647;
			files = (
			);
			runOnlyForDeploymentPostprocessing = 0;
		};
/* End PBXFrameworksBuildPhase section */

/* Begin PBXGroup section */
		7D2AFF6924FC9C3A00268FC3 = {
			isa = PBXGroup;
			children = (
				7D2AFF7424FC9C3A00268FC3 /* DemoAnimation */,
				7D2AFF8B24FC9C3D00268FC3 /* DemoAnimationTests */,
				7D2AFF7324FC9C3A00268FC3 /* Products */,
			);
			sourceTree = "<group>";
		};
		7D2AFF7324FC9C3A00268FC3 /* Products */ = {
			isa = PBXGroup;
			children = (
				7D2AFF7224FC9C3A00268FC3 /* DemoAnimation.app */,
				7D2AFF8824FC9C3D00268FC3 /* DemoAnimationTests.xctest */,
			);
			name = Products;
			sourceTree = "<group>";
		};
		7D2AFF7424FC9C3A00268FC3 /* DemoAnimation */ = {
			isa = PBXGroup;
			children = (
				7D41E7AB24FE290700A420DC /* TableViewCell */,
				7D2AFF9F24FCE11700268FC3 /* CardViewController */,
				7D2AFF7524FC9C3A00268FC3 /* AppDelegate.swift */,
				7D2AFF7724FC9C3A00268FC3 /* SceneDelegate.swift */,
				7D2AFF7924FC9C3A00268FC3 /* ViewController.swift */,
				7D2AFF7B24FC9C3A00268FC3 /* Main.storyboard */,
				7D2AFF7E24FC9C3D00268FC3 /* Assets.xcassets */,
				7D2AFF8024FC9C3D00268FC3 /* LaunchScreen.storyboard */,
				7D2AFF8324FC9C3D00268FC3 /* Info.plist */,
			);
			path = DemoAnimation;
			sourceTree = "<group>";
		};
		7D2AFF8B24FC9C3D00268FC3 /* DemoAnimationTests */ = {
			isa = PBXGroup;
			children = (
				7D2AFF8C24FC9C3D00268FC3 /* DemoAnimationTests.swift */,
				7D2AFF8E24FC9C3D00268FC3 /* Info.plist */,
			);
			path = DemoAnimationTests;
			sourceTree = "<group>";
		};
		7D2AFF9F24FCE11700268FC3 /* CardViewController */ = {
			isa = PBXGroup;
			children = (
				7D2AFFA024FCE13300268FC3 /* CardViewController.swift */,
				7D2AFFA224FCE17800268FC3 /* CardViewController.xib */,
			);
			path = CardViewController;
			sourceTree = "<group>";
		};
		7D41E7AB24FE290700A420DC /* TableViewCell */ = {
			isa = PBXGroup;
			children = (
				7D41E7AC24FE291E00A420DC /* CellContent.xib */,
				7D41E7AE24FE29C500A420DC /* CellContent.swift */,
			);
			path = TableViewCell;
			sourceTree = "<group>";
		};
/* End PBXGroup section */

/* Begin PBXNativeTarget section */
		7D2AFF7124FC9C3A00268FC3 /* DemoAnimation */ = {
			isa = PBXNativeTarget;
			buildConfigurationList = 7D2AFF9124FC9C3D00268FC3 /* Build configuration list for PBXNativeTarget "DemoAnimation" */;
			buildPhases = (
				7D2AFF6E24FC9C3A00268FC3 /* Sources */,
				7D2AFF6F24FC9C3A00268FC3 /* Frameworks */,
				7D2AFF7024FC9C3A00268FC3 /* Resources */,
			);
			buildRules = (
			);
			dependencies = (
			);
			name = DemoAnimation;
			productName = DemoAnimation;
			productReference = 7D2AFF7224FC9C3A00268FC3 /* DemoAnimation.app */;
			productType = "com.apple.product-type.application";
		};
		7D2AFF8724FC9C3D00268FC3 /* DemoAnimationTests */ = {
			isa = PBXNativeTarget;
			buildConfigurationList = 7D2AFF9424FC9C3D00268FC3 /* Build configuration list for PBXNativeTarget "DemoAnimationTests" */;
			buildPhases = (
				7D2AFF8424FC9C3D00268FC3 /* Sources */,
				7D2AFF8524FC9C3D00268FC3 /* Frameworks */,
				7D2AFF8624FC9C3D00268FC3 /* Resources */,
			);
			buildRules = (
			);
			dependencies = (
				7D2AFF8A24FC9C3D00268FC3 /* PBXTargetDependency */,
			);
			name = DemoAnimationTests;
			productName = DemoAnimationTests;
			productReference = 7D2AFF8824FC9C3D00268FC3 /* DemoAnimationTests.xctest */;
			productType = "com.apple.product-type.bundle.unit-test";
		};
/* End PBXNativeTarget section */

/* Begin PBXProject section */
		7D2AFF6A24FC9C3A00268FC3 /* Project object */ = {
			isa = PBXProject;
			attributes = {
				LastSwiftUpdateCheck = 1110;
				LastUpgradeCheck = 1110;
				ORGANIZATIONNAME = "le  anh";
				TargetAttributes = {
					7D2AFF7124FC9C3A00268FC3 = {
						CreatedOnToolsVersion = 11.1;
					};
					7D2AFF8724FC9C3D00268FC3 = {
						CreatedOnToolsVersion = 11.1;
						TestTargetID = 7D2AFF7124FC9C3A00268FC3;
					};
				};
			};
			buildConfigurationList = 7D2AFF6D24FC9C3A00268FC3 /* Build configuration list for PBXProject "DemoAnimation" */;
			compatibilityVersion = "Xcode 9.3";
			developmentRegion = en;
			hasScannedForEncodings = 0;
			knownRegions = (
				en,
				Base,
			);
			mainGroup = 7D2AFF6924FC9C3A00268FC3;
			productRefGroup = 7D2AFF7324FC9C3A00268FC3 /* Products */;
			projectDirPath = "";
			projectRoot = "";
			targets = (
				7D2AFF7124FC9C3A00268FC3 /* DemoAnimation */,
				7D2AFF8724FC9C3D00268FC3 /* DemoAnimationTests */,
			);
		};
/* End PBXProject section */

/* Begin PBXResourcesBuildPhase section */
		7D2AFF7024FC9C3A00268FC3 /* Resources */ = {
			isa = PBXResourcesBuildPhase;
			buildActionMask = 2147483647;
			files = (
				7D2AFF8224FC9C3D00268FC3 /* LaunchScreen.storyboard in Resources */,
				7D2AFF7F24FC9C3D00268FC3 /* Assets.xcassets in Resources */,
				7D2AFFA324FCE17800268FC3 /* CardViewController.xib in Resources */,
				7D2AFF7D24FC9C3A00268FC3 /* Main.storyboard in Resources */,
				7D41E7AD24FE291E00A420DC /* CellContent.xib in Resources */,
			);
			runOnlyForDeploymentPostprocessing = 0;
		};
		7D2AFF8624FC9C3D00268FC3 /* Resources */ = {
			isa = PBXResourcesBuildPhase;
			buildActionMask = 2147483647;
			files = (
			);
			runOnlyForDeploymentPostprocessing = 0;
		};
/* End PBXResourcesBuildPhase section */

/* Begin PBXSourcesBuildPhase section */
		7D2AFF6E24FC9C3A00268FC3 /* Sources */ = {
			isa = PBXSourcesBuildPhase;
			buildActionMask = 2147483647;
			files = (
				7D2AFF7A24FC9C3A00268FC3 /* ViewController.swift in Sources */,
				7D2AFF7624FC9C3A00268FC3 /* AppDelegate.swift in Sources */,
				7D41E7AF24FE29C500A420DC /* CellContent.swift in Sources */,
				7D2AFFA124FCE13400268FC3 /* CardViewController.swift in Sources */,
				7D2AFF7824FC9C3A00268FC3 /* SceneDelegate.swift in Sources */,
			);
			runOnlyForDeploymentPostprocessing = 0;
		};
		7D2AFF8424FC9C3D00268FC3 /* Sources */ = {
			isa = PBXSourcesBuildPhase;
			buildActionMask = 2147483647;
			files = (
				7D2AFF8D24FC9C3D00268FC3 /* DemoAnimationTests.swift in Sources */,
			);
			runOnlyForDeploymentPostprocessing = 0;
		};
/* End PBXSourcesBuildPhase section */

/* Begin PBXTargetDependency section */
		7D2AFF8A24FC9C3D00268FC3 /* PBXTargetDependency */ = {
			isa = PBXTargetDependency;
			target = 7D2AFF7124FC9C3A00268FC3 /* DemoAnimation */;
			targetProxy = 7D2AFF8924FC9C3D00268FC3 /* PBXContainerItemProxy */;
		};
/* End PBXTargetDependency section */

/* Begin PBXVariantGroup section */
		7D2AFF7B24FC9C3A00268FC3 /* Main.storyboard */ = {
			isa = PBXVariantGroup;
			children = (
				7D2AFF7C24FC9C3A00268FC3 /* Base */,
			);
			name = Main.storyboard;
			sourceTree = "<group>";
		};
		7D2AFF8024FC9C3D00268FC3 /* LaunchScreen.storyboard */ = {
			isa = PBXVariantGroup;
			children = (
				7D2AFF8124FC9C3D00268FC3 /* Base */,
			);
			name = LaunchScreen.storyboard;
			sourceTree = "<group>";
		};
/* End PBXVariantGroup section */

/* Begin XCBuildConfiguration section */
		7D2AFF8F24FC9C3D00268FC3 /* Debug */ = {
			isa = XCBuildConfiguration;
			buildSettings = {
				ALWAYS_SEARCH_USER_PATHS = NO;
				CLANG_ANALYZER_NONNULL = YES;
				CLANG_ANALYZER_NUMBER_OBJECT_CONVERSION = YES_AGGRESSIVE;
				CLANG_CXX_LANGUAGE_STANDARD = "gnu++14";
				CLANG_CXX_LIBRARY = "libc++";
				CLANG_ENABLE_MODULES = YES;
				CLANG_ENABLE_OBJC_ARC = YES;
				CLANG_ENABLE_OBJC_WEAK = YES;
				CLANG_WARN_BLOCK_CAPTURE_AUTORELEASING = YES;
				CLANG_WARN_BOOL_CONVERSION = YES;
				CLANG_WARN_COMMA = YES;
				CLANG_WARN_CONSTANT_CONVERSION = YES;
				CLANG_WARN_DEPRECATED_OBJC_IMPLEMENTATIONS = YES;
				CLANG_WARN_DIRECT_OBJC_ISA_USAGE = YES_ERROR;
				CLANG_WARN_DOCUMENTATION_COMMENTS = YES;
				CLANG_WARN_EMPTY_BODY = YES;
				CLANG_WARN_ENUM_CONVERSION = YES;
				CLANG_WARN_INFINITE_RECURSION = YES;
				CLANG_WARN_INT_CONVERSION = YES;
				CLANG_WARN_NON_LITERAL_NULL_CONVERSION = YES;
				CLANG_WARN_OBJC_IMPLICIT_RETAIN_SELF = YES;
				CLANG_WARN_OBJC_LITERAL_CONVERSION = YES;
				CLANG_WARN_OBJC_ROOT_CLASS = YES_ERROR;
				CLANG_WARN_RANGE_LOOP_ANALYSIS = YES;
				CLANG_WARN_STRICT_PROTOTYPES = YES;
				CLANG_WARN_SUSPICIOUS_MOVE = YES;
				CLANG_WARN_UNGUARDED_AVAILABILITY = YES_AGGRESSIVE;
				CLANG_WARN_UNREACHABLE_CODE = YES;
				CLANG_WARN__DUPLICATE_METHOD_MATCH = YES;
				COPY_PHASE_STRIP = NO;
				DEBUG_INFORMATION_FORMAT = dwarf;
				ENABLE_STRICT_OBJC_MSGSEND = YES;
				ENABLE_TESTABILITY = YES;
				GCC_C_LANGUAGE_STANDARD = gnu11;
				GCC_DYNAMIC_NO_PIC = NO;
				GCC_NO_COMMON_BLOCKS = YES;
				GCC_OPTIMIZATION_LEVEL = 0;
				GCC_PREPROCESSOR_DEFINITIONS = (
					"DEBUG=1",
					"$(inherited)",
				);
				GCC_WARN_64_TO_32_BIT_CONVERSION = YES;
				GCC_WARN_ABOUT_RETURN_TYPE = YES_ERROR;
				GCC_WARN_UNDECLARED_SELECTOR = YES;
				GCC_WARN_UNINITIALIZED_AUTOS = YES_AGGRESSIVE;
				GCC_WARN_UNUSED_FUNCTION = YES;
				GCC_WARN_UNUSED_VARIABLE = YES;
				IPHONEOS_DEPLOYMENT_TARGET = 13.1;
				MTL_ENABLE_DEBUG_INFO = INCLUDE_SOURCE;
				MTL_FAST_MATH = YES;
				ONLY_ACTIVE_ARCH = YES;
				SDKROOT = iphoneos;
				SWIFT_ACTIVE_COMPILATION_CONDITIONS = DEBUG;
				SWIFT_OPTIMIZATION_LEVEL = "-Onone";
			};
			name = Debug;
		};
		7D2AFF9024FC9C3D00268FC3 /* Release */ = {
			isa = XCBuildConfiguration;
			buildSettings = {
				ALWAYS_SEARCH_USER_PATHS = NO;
				CLANG_ANALYZER_NONNULL = YES;
				CLANG_ANALYZER_NUMBER_OBJECT_CONVERSION = YES_AGGRESSIVE;
				CLANG_CXX_LANGUAGE_STANDARD = "gnu++14";
				CLANG_CXX_LIBRARY = "libc++";
				CLANG_ENABLE_MODULES = YES;
				CLANG_ENABLE_OBJC_ARC = YES;
				CLANG_ENABLE_OBJC_WEAK = YES;
				CLANG_WARN_BLOCK_CAPTURE_AUTORELEASING = YES;
				CLANG_WARN_BOOL_CONVERSION = YES;
				CLANG_WARN_COMMA = YES;
				CLANG_WARN_CONSTANT_CONVERSION = YES;
				CLANG_WARN_DEPRECATED_OBJC_IMPLEMENTATIONS = YES;
				CLANG_WARN_DIRECT_OBJC_ISA_USAGE = YES_ERROR;
				CLANG_WARN_DOCUMENTATION_COMMENTS = YES;
				CLANG_WARN_EMPTY_BODY = YES;
				CLANG_WARN_ENUM_CONVERSION = YES;
				CLANG_WARN_INFINITE_RECURSION = YES;
				CLANG_WARN_INT_CONVERSION = YES;
				CLANG_WARN_NON_LITERAL_NULL_CONVERSION = YES;
				CLANG_WARN_OBJC_IMPLICIT_RETAIN_SELF = YES;
				CLANG_WARN_OBJC_LITERAL_CONVERSION = YES;
				CLANG_WARN_OBJC_ROOT_CLASS = YES_ERROR;
				CLANG_WARN_RANGE_LOOP_ANALYSIS = YES;
				CLANG_WARN_STRICT_PROTOTYPES = YES;
				CLANG_WARN_SUSPICIOUS_MOVE = YES;
				CLANG_WARN_UNGUARDED_AVAILABILITY = YES_AGGRESSIVE;
				CLANG_WARN_UNREACHABLE_CODE = YES;
				CLANG_WARN__DUPLICATE_METHOD_MATCH = YES;
				COPY_PHASE_STRIP = NO;
				DEBUG_INFORMATION_FORMAT = "dwarf-with-dsym";
				ENABLE_NS_ASSERTIONS = NO;
				ENABLE_STRICT_OBJC_MSGSEND = YES;
				GCC_C_LANGUAGE_STANDARD = gnu11;
				GCC_NO_COMMON_BLOCKS = YES;
				GCC_WARN_64_TO_32_BIT_CONVERSION = YES;
				GCC_WARN_ABOUT_RETURN_TYPE = YES_ERROR;
				GCC_WARN_UNDECLARED_SELECTOR = YES;
				GCC_WARN_UNINITIALIZED_AUTOS = YES_AGGRESSIVE;
				GCC_WARN_UNUSED_FUNCTION = YES;
				GCC_WARN_UNUSED_VARIABLE = YES;
				IPHONEOS_DEPLOYMENT_TARGET = 13.1;
				MTL_ENABLE_DEBUG_INFO = NO;
				MTL_FAST_MATH = YES;
				SDKROOT = iphoneos;
				SWIFT_COMPILATION_MODE = wholemodule;
				SWIFT_OPTIMIZATION_LEVEL = "-O";
				VALIDATE_PRODUCT = YES;
			};
			name = Release;
		};
		7D2AFF9224FC9C3D00268FC3 /* Debug */ = {
			isa = XCBuildConfiguration;
			buildSettings = {
				ASSETCATALOG_COMPILER_APPICON_NAME = AppIcon;
				CODE_SIGN_IDENTITY = "Apple Development";
				CODE_SIGN_STYLE = Automatic;
				DEVELOPMENT_TEAM = E9Y2J54ZH3;
				INFOPLIST_FILE = DemoAnimation/Info.plist;
				LD_RUNPATH_SEARCH_PATHS = (
					"$(inherited)",
					"@executable_path/Frameworks",
				);
				PRODUCT_BUNDLE_IDENTIFIER = com.ncc.PaymentTest;
				PRODUCT_NAME = "$(TARGET_NAME)";
				PROVISIONING_PROFILE_SPECIFIER = "";
				SWIFT_VERSION = 5.0;
				TARGETED_DEVICE_FAMILY = "1,2";
			};
			name = Debug;
		};
		7D2AFF9324FC9C3D00268FC3 /* Release */ = {
			isa = XCBuildConfiguration;
			buildSettings = {
				ASSETCATALOG_COMPILER_APPICON_NAME = AppIcon;
				CODE_SIGN_IDENTITY = "Apple Development";
				CODE_SIGN_STYLE = Automatic;
				DEVELOPMENT_TEAM = E9Y2J54ZH3;
				INFOPLIST_FILE = DemoAnimation/Info.plist;
				LD_RUNPATH_SEARCH_PATHS = (
					"$(inherited)",
					"@executable_path/Frameworks",
				);
				PRODUCT_BUNDLE_IDENTIFIER = com.ncc.PaymentTest;
				PRODUCT_NAME = "$(TARGET_NAME)";
				PROVISIONING_PROFILE_SPECIFIER = "";
				SWIFT_VERSION = 5.0;
				TARGETED_DEVICE_FAMILY = "1,2";
			};
			name = Release;
		};
		7D2AFF9524FC9C3D00268FC3 /* Debug */ = {
			isa = XCBuildConfiguration;
			buildSettings = {
				ALWAYS_EMBED_SWIFT_STANDARD_LIBRARIES = YES;
				BUNDLE_LOADER = "$(TEST_HOST)";
				CODE_SIGN_STYLE = Automatic;
				INFOPLIST_FILE = DemoAnimationTests/Info.plist;
				IPHONEOS_DEPLOYMENT_TARGET = 13.1;
				LD_RUNPATH_SEARCH_PATHS = (
					"$(inherited)",
					"@executable_path/Frameworks",
					"@loader_path/Frameworks",
				);
				PRODUCT_BUNDLE_IDENTIFIER = com.lea.ncc.DemoAnimationTests;
				PRODUCT_NAME = "$(TARGET_NAME)";
				SWIFT_VERSION = 5.0;
				TARGETED_DEVICE_FAMILY = "1,2";
				TEST_HOST = "$(BUILT_PRODUCTS_DIR)/DemoAnimation.app/DemoAnimation";
			};
			name = Debug;
		};
		7D2AFF9624FC9C3D00268FC3 /* Release */ = {
			isa = XCBuildConfiguration;
			buildSettings = {
				ALWAYS_EMBED_SWIFT_STANDARD_LIBRARIES = YES;
				BUNDLE_LOADER = "$(TEST_HOST)";
				CODE_SIGN_STYLE = Automatic;
				INFOPLIST_FILE = DemoAnimationTests/Info.plist;
				IPHONEOS_DEPLOYMENT_TARGET = 13.1;
				LD_RUNPATH_SEARCH_PATHS = (
					"$(inherited)",
					"@executable_path/Frameworks",
					"@loader_path/Frameworks",
				);
				PRODUCT_BUNDLE_IDENTIFIER = com.lea.ncc.DemoAnimationTests;
				PRODUCT_NAME = "$(TARGET_NAME)";
				SWIFT_VERSION = 5.0;
				TARGETED_DEVICE_FAMILY = "1,2";
				TEST_HOST = "$(BUILT_PRODUCTS_DIR)/DemoAnimation.app/DemoAnimation";
			};
			name = Release;
		};
/* End XCBuildConfiguration section */

/* Begin XCConfigurationList section */
		7D2AFF6D24FC9C3A00268FC3 /* Build configuration list for PBXProject "DemoAnimation" */ = {
			isa = XCConfigurationList;
			buildConfigurations = (
				7D2AFF8F24FC9C3D00268FC3 /* Debug */,
				7D2AFF9024FC9C3D00268FC3 /* Release */,
			);
			defaultConfigurationIsVisible = 0;
			defaultConfigurationName = Release;
		};
		7D2AFF9124FC9C3D00268FC3 /* Build configuration list for PBXNativeTarget "DemoAnimation" */ = {
			isa = XCConfigurationList;
			buildConfigurations = (
				7D2AFF9224FC9C3D00268FC3 /* Debug */,
				7D2AFF9324FC9C3D00268FC3 /* Release */,
			);
			defaultConfigurationIsVisible = 0;
			defaultConfigurationName = Release;
		};
		7D2AFF9424FC9C3D00268FC3 /* Build configuration list for PBXNativeTarget "DemoAnimationTests" */ = {
			isa = XCConfigurationList;
			buildConfigurations = (
				7D2AFF9524FC9C3D00268FC3 /* Debug */,
				7D2AFF9624FC9C3D00268FC3 /* Release */,
			);
			defaultConfigurationIsVisible = 0;
			defaultConfigurationName = Release;
		};
/* End XCConfigurationList section */
	};
	rootObject = 7D2AFF6A24FC9C3A00268FC3 /* Project object */;
}
